
Microsoft Visual Studio Solution File, Format Version 12.00
# Visual Studio 14
VisualStudioVersion = 14.0.25420.1
MinimumVisualStudioVersion = 10.0.40219.1
Project("{2150E333-8FDC-42A3-9474-1A3956D46DE8}") = "src", "src", "{E6AF53D9-3C9E-49E0-9DFB-4B858FDE2815}"
EndProject
Project("{2150E333-8FDC-42A3-9474-1A3956D46DE8}") = "Solution Items", "Solution Items", "{85C842FC-904D-4B96-BDF3-62D1E02760E1}"
	ProjectSection(SolutionItems) = preProject
		global.json = global.json
	EndProjectSection
EndProject
Project("{8BB2217D-0F2D-49D1-97BC-3654ED321F3B}") = "SeleniumInDotNetCoreTest", "src\SeleniumInDotNetCoreTest\SeleniumInDotNetCoreTest.xproj", "{E384213F-D3E8-4AE3-A11D-EA70A754594C}"
EndProject
Global
	GlobalSection(SolutionConfigurationPlatforms) = preSolution
		Debug|Any CPU = Debug|Any CPU
		Release|Any CPU = Release|Any CPU
	EndGlobalSection
	GlobalSection(ProjectConfigurationPlatforms) = postSolution
		{E384213F-D3E8-4AE3-A11D-EA70A754594C}.Debug|Any CPU.ActiveCfg = Debug|Any CPU
		{E384213F-D3E8-4AE3-A11D-EA70A754594C}.Debug|Any CPU.Build.0 = Debug|Any CPU
		{E384213F-D3E8-4AE3-A11D-EA70A754594C}.Release|Any CPU.ActiveCfg = Release|Any CPU
		{E384213F-D3E8-4AE3-A11D-EA70A754594C}.Release|Any CPU.Build.0 = Release|Any CPU
	EndGlobalSection
	GlobalSection(SolutionProperties) = preSolution
		HideSolutionNode = FALSE
	EndGlobalSection
	GlobalSection(NestedProjects) = preSolution
		{E384213F-D3E8-4AE3-A11D-EA70A754594C} = {E6AF53D9-3C9E-49E0-9DFB-4B858FDE2815}
	EndGlobalSection
EndGlobal
